
Microsoft Visual Studio Solution File, Format Version 12.00
# Visual Studio 2013
VisualStudioVersion = 12.0.30723.0
MinimumVisualStudioVersion = 10.0.40219.1
Project("{FAE04EC0-301F-11D3-BF4B-00C04F79EFBC}") = "Adaptive.Arp.Api", "Adaptive.Arp.Api\Adaptive.Arp.Api.csproj", "{39122A32-E972-4ACD-8C33-A0DEC5EA0371}"
EndProject
Global
	GlobalSection(SolutionConfigurationPlatforms) = preSolution
		Debug|Any CPU = Debug|Any CPU
		Debug|ARM = Debug|ARM
		Debug|x86 = Debug|x86
		Release|Any CPU = Release|Any CPU
		Release|ARM = Release|ARM
		Release|x86 = Release|x86
	EndGlobalSection
	GlobalSection(ProjectConfigurationPlatforms) = postSolution
		{39122A32-E972-4ACD-8C33-A0DEC5EA0371}.Debug|Any CPU.ActiveCfg = Debug|Any CPU
		{39122A32-E972-4ACD-8C33-A0DEC5EA0371}.Debug|Any CPU.Build.0 = Debug|Any CPU
		{39122A32-E972-4ACD-8C33-A0DEC5EA0371}.Debug|ARM.ActiveCfg = Debug|Any CPU
		{39122A32-E972-4ACD-8C33-A0DEC5EA0371}.Debug|x86.ActiveCfg = Debug|Any CPU
		{39122A32-E972-4ACD-8C33-A0DEC5EA0371}.Release|Any CPU.ActiveCfg = Release|Any CPU
		{39122A32-E972-4ACD-8C33-A0DEC5EA0371}.Release|Any CPU.Build.0 = Release|Any CPU
		{39122A32-E972-4ACD-8C33-A0DEC5EA0371}.Release|ARM.ActiveCfg = Release|Any CPU
		{39122A32-E972-4ACD-8C33-A0DEC5EA0371}.Release|x86.ActiveCfg = Release|Any CPU
	EndGlobalSection
	GlobalSection(SolutionProperties) = preSolution
		HideSolutionNode = FALSE
	EndGlobalSection
	GlobalSection(MonoDevelopProperties) = preSolution
		StartupItem = Adaptive.Arp.Api\Adaptive.Arp.Api.csproj
		Policies = $0
		$0.DotNetNamingPolicy = $1
		$1.DirectoryNamespaceAssociation = PrefixedFlat
		$1.ResourceNamePolicy = FileFormatDefault
		description = Adaptive Runtime Platform (ARP) for .NET
		version = 1.0
	EndGlobalSection
EndGlobal
