
Microsoft Visual Studio Solution File, Format Version 12.00
# Visual Studio 2012
Project("{FAE04EC0-301F-11D3-BF4B-00C04F79EFBC}") = "Adaptive.Arp.Api", "Adaptive.Arp.Api\Adaptive.Arp.Api.csproj", "{48C7B72D-FA53-4A65-B710-DB27C4586DE4}"
EndProject
Global
	GlobalSection(SolutionConfigurationPlatforms) = preSolution
		Debug|Any CPU = Debug|Any CPU
		Release|Any CPU = Release|Any CPU
	EndGlobalSection
	GlobalSection(ProjectConfigurationPlatforms) = postSolution
		{48C7B72D-FA53-4A65-B710-DB27C4586DE4}.Debug|Any CPU.ActiveCfg = Debug|Any CPU
		{48C7B72D-FA53-4A65-B710-DB27C4586DE4}.Debug|Any CPU.Build.0 = Debug|Any CPU
		{48C7B72D-FA53-4A65-B710-DB27C4586DE4}.Release|Any CPU.ActiveCfg = Release|Any CPU
		{48C7B72D-FA53-4A65-B710-DB27C4586DE4}.Release|Any CPU.Build.0 = Release|Any CPU
	EndGlobalSection
	GlobalSection(MonoDevelopProperties) = preSolution
		StartupItem = Adaptive.Arp.Api\Adaptive.Arp.Api.csproj
		Policies = $0
		$0.DotNetNamingPolicy = $1
		$1.DirectoryNamespaceAssociation = PrefixedFlat
		$1.ResourceNamePolicy = FileFormatDefault
		description = Adaptive Runtime Platform (ARP) for .NET
		version = 1.0
	EndGlobalSection
EndGlobal
